
Microsoft Visual Studio Solution File, Format Version 12.00
# Visual Studio Version 17
VisualStudioVersion = 17.0.31903.59
MinimumVisualStudioVersion = 10.0.40219.1
Project("{2150E333-8FDC-42A3-9474-1A3956D46DE8}") = "src", "src", "{005D709B-23ED-44C7-8E14-4D37F29DB8B2}"
EndProject
Project("{FAE04EC0-301F-11D3-BF4B-00C04F79EFBC}") = "Redirector", "src\Redirector\Redirector.csproj", "{8B3B7CF2-1CDE-4549-9967-3AC377ED1A40}"
EndProject
Project("{2150E333-8FDC-42A3-9474-1A3956D46DE8}") = "tests", "tests", "{F8FB4563-0BE8-48DE-A04B-01035191B6AB}"
EndProject
Project("{FAE04EC0-301F-11D3-BF4B-00C04F79EFBC}") = "Redirector.Tests", "tests\Redirector.Tests\Redirector.Tests.csproj", "{FB1F6205-A4EE-417F-8605-D25BAC8C9000}"
EndProject
Global
	GlobalSection(SolutionConfigurationPlatforms) = preSolution
		Debug|Any CPU = Debug|Any CPU
		Release|Any CPU = Release|Any CPU
	EndGlobalSection
	GlobalSection(SolutionProperties) = preSolution
		HideSolutionNode = FALSE
	EndGlobalSection
	GlobalSection(ProjectConfigurationPlatforms) = postSolution
		{8B3B7CF2-1CDE-4549-9967-3AC377ED1A40}.Debug|Any CPU.ActiveCfg = Debug|Any CPU
		{8B3B7CF2-1CDE-4549-9967-3AC377ED1A40}.Debug|Any CPU.Build.0 = Debug|Any CPU
		{8B3B7CF2-1CDE-4549-9967-3AC377ED1A40}.Release|Any CPU.ActiveCfg = Release|Any CPU
		{8B3B7CF2-1CDE-4549-9967-3AC377ED1A40}.Release|Any CPU.Build.0 = Release|Any CPU
		{FB1F6205-A4EE-417F-8605-D25BAC8C9000}.Debug|Any CPU.ActiveCfg = Debug|Any CPU
		{FB1F6205-A4EE-417F-8605-D25BAC8C9000}.Debug|Any CPU.Build.0 = Debug|Any CPU
		{FB1F6205-A4EE-417F-8605-D25BAC8C9000}.Release|Any CPU.ActiveCfg = Release|Any CPU
		{FB1F6205-A4EE-417F-8605-D25BAC8C9000}.Release|Any CPU.Build.0 = Release|Any CPU
	EndGlobalSection
	GlobalSection(NestedProjects) = preSolution
		{8B3B7CF2-1CDE-4549-9967-3AC377ED1A40} = {005D709B-23ED-44C7-8E14-4D37F29DB8B2}
		{FB1F6205-A4EE-417F-8605-D25BAC8C9000} = {F8FB4563-0BE8-48DE-A04B-01035191B6AB}
	EndGlobalSection
EndGlobal
